
Microsoft Visual Studio Solution File, Format Version 12.00
Project("{FAE04EC0-301F-11D3-BF4B-00C04F79EFBC}") = "BPMNToCode", "BPMNToCode\BPMNToCode.csproj", "{8D9734EB-70AD-4398-A48B-333E1D82DA01}"
EndProject
Project("{FAE04EC0-301F-11D3-BF4B-00C04F79EFBC}") = "BPMNToCode.Tests", "BPMNToCode.Tests\BPMNToCode.Tests.csproj", "{D2B5B335-B6AB-46C3-BF9F-DA5A2B3ACCD5}"
EndProject
Global
	GlobalSection(SolutionConfigurationPlatforms) = preSolution
		Debug|Any CPU = Debug|Any CPU
		Release|Any CPU = Release|Any CPU
	EndGlobalSection
	GlobalSection(ProjectConfigurationPlatforms) = postSolution
		{8D9734EB-70AD-4398-A48B-333E1D82DA01}.Debug|Any CPU.ActiveCfg = Debug|Any CPU
		{8D9734EB-70AD-4398-A48B-333E1D82DA01}.Debug|Any CPU.Build.0 = Debug|Any CPU
		{8D9734EB-70AD-4398-A48B-333E1D82DA01}.Release|Any CPU.ActiveCfg = Release|Any CPU
		{8D9734EB-70AD-4398-A48B-333E1D82DA01}.Release|Any CPU.Build.0 = Release|Any CPU
		{D2B5B335-B6AB-46C3-BF9F-DA5A2B3ACCD5}.Debug|Any CPU.ActiveCfg = Debug|Any CPU
		{D2B5B335-B6AB-46C3-BF9F-DA5A2B3ACCD5}.Debug|Any CPU.Build.0 = Debug|Any CPU
		{D2B5B335-B6AB-46C3-BF9F-DA5A2B3ACCD5}.Release|Any CPU.ActiveCfg = Release|Any CPU
		{D2B5B335-B6AB-46C3-BF9F-DA5A2B3ACCD5}.Release|Any CPU.Build.0 = Release|Any CPU
	EndGlobalSection
EndGlobal
