
Microsoft Visual Studio Solution File, Format Version 12.00
# Visual Studio Version 17
VisualStudioVersion = 17.5.002.0
MinimumVisualStudioVersion = 10.0.40219.1
Project("{9A19103F-16F7-4668-BE54-9A1E7A4F7556}") = "Puppy.SequenceSourceGenerator", "Puppy.SequenceSourceGenerator.csproj", "{BD2E61D0-98B9-469C-87AF-6489E9320E55}"
EndProject
Global
	GlobalSection(SolutionConfigurationPlatforms) = preSolution
		Debug|Any CPU = Debug|Any CPU
		Release|Any CPU = Release|Any CPU
	EndGlobalSection
	GlobalSection(ProjectConfigurationPlatforms) = postSolution
		{BD2E61D0-98B9-469C-87AF-6489E9320E55}.Debug|Any CPU.ActiveCfg = Debug|Any CPU
		{BD2E61D0-98B9-469C-87AF-6489E9320E55}.Debug|Any CPU.Build.0 = Debug|Any CPU
		{BD2E61D0-98B9-469C-87AF-6489E9320E55}.Release|Any CPU.ActiveCfg = Release|Any CPU
		{BD2E61D0-98B9-469C-87AF-6489E9320E55}.Release|Any CPU.Build.0 = Release|Any CPU
	EndGlobalSection
	GlobalSection(SolutionProperties) = preSolution
		HideSolutionNode = FALSE
	EndGlobalSection
	GlobalSection(ExtensibilityGlobals) = postSolution
		SolutionGuid = {BB7A964C-1E9C-45FC-8A07-F1E91A363B81}
	EndGlobalSection
EndGlobal
